
Microsoft Visual Studio Solution File, Format Version 12.00
# Visual Studio Version 16
VisualStudioVersion = 16.0.31613.86
MinimumVisualStudioVersion = 10.0.40219.1
Project("{FAE04EC0-301F-11D3-BF4B-00C04F79EFBC}") = "MvcMovie", "MvcMovie\MvcMovie.csproj", "{99238F3C-3FE7-4DEA-A875-25DE2485BABE}"
EndProject
Global
	GlobalSection(SolutionConfigurationPlatforms) = preSolution
		Debug|Any CPU = Debug|Any CPU
		Release|Any CPU = Release|Any CPU
	EndGlobalSection
	GlobalSection(ProjectConfigurationPlatforms) = postSolution
		{99238F3C-3FE7-4DEA-A875-25DE2485BABE}.Debug|Any CPU.ActiveCfg = Debug|Any CPU
		{99238F3C-3FE7-4DEA-A875-25DE2485BABE}.Debug|Any CPU.Build.0 = Debug|Any CPU
		{99238F3C-3FE7-4DEA-A875-25DE2485BABE}.Release|Any CPU.ActiveCfg = Release|Any CPU
		{99238F3C-3FE7-4DEA-A875-25DE2485BABE}.Release|Any CPU.Build.0 = Release|Any CPU
	EndGlobalSection
	GlobalSection(SolutionProperties) = preSolution
		HideSolutionNode = FALSE
	EndGlobalSection
	GlobalSection(ExtensibilityGlobals) = postSolution
		SolutionGuid = {00BEF04E-7F35-44EF-8C28-B00A375FF4DB}
	EndGlobalSection
EndGlobal
