
Microsoft Visual Studio Solution File, Format Version 12.00
# Visual Studio Version 16
VisualStudioVersion = 16.0.31702.278
MinimumVisualStudioVersion = 10.0.40219.1
Project("{FAE04EC0-301F-11D3-BF4B-00C04F79EFBC}") = "WebApplication1", "WebApplication1\WebApplication1.csproj", "{EB561044-03E7-4444-B256-857F17D4294E}"
EndProject
Global
	GlobalSection(SolutionConfigurationPlatforms) = preSolution
		Debug|Any CPU = Debug|Any CPU
		Release|Any CPU = Release|Any CPU
	EndGlobalSection
	GlobalSection(ProjectConfigurationPlatforms) = postSolution
		{EB561044-03E7-4444-B256-857F17D4294E}.Debug|Any CPU.ActiveCfg = Debug|Any CPU
		{EB561044-03E7-4444-B256-857F17D4294E}.Debug|Any CPU.Build.0 = Debug|Any CPU
		{EB561044-03E7-4444-B256-857F17D4294E}.Release|Any CPU.ActiveCfg = Release|Any CPU
		{EB561044-03E7-4444-B256-857F17D4294E}.Release|Any CPU.Build.0 = Release|Any CPU
	EndGlobalSection
	GlobalSection(SolutionProperties) = preSolution
		HideSolutionNode = FALSE
	EndGlobalSection
	GlobalSection(ExtensibilityGlobals) = postSolution
		SolutionGuid = {72D2DD06-04D4-4707-9A58-17882D937B51}
	EndGlobalSection
EndGlobal
