
Microsoft Visual Studio Solution File, Format Version 12.00
# Visual Studio Version 16
VisualStudioVersion = 16.0.31613.86
MinimumVisualStudioVersion = 10.0.40219.1
Project("{FAE04EC0-301F-11D3-BF4B-00C04F79EFBC}") = "MvcMovie", "MvcMovie\MvcMovie.csproj", "{07FC87E7-D939-476B-BB60-9078D2C5DEC0}"
EndProject
Global
	GlobalSection(SolutionConfigurationPlatforms) = preSolution
		Debug|Any CPU = Debug|Any CPU
		Release|Any CPU = Release|Any CPU
	EndGlobalSection
	GlobalSection(ProjectConfigurationPlatforms) = postSolution
		{07FC87E7-D939-476B-BB60-9078D2C5DEC0}.Debug|Any CPU.ActiveCfg = Debug|Any CPU
		{07FC87E7-D939-476B-BB60-9078D2C5DEC0}.Debug|Any CPU.Build.0 = Debug|Any CPU
		{07FC87E7-D939-476B-BB60-9078D2C5DEC0}.Release|Any CPU.ActiveCfg = Release|Any CPU
		{07FC87E7-D939-476B-BB60-9078D2C5DEC0}.Release|Any CPU.Build.0 = Release|Any CPU
	EndGlobalSection
	GlobalSection(SolutionProperties) = preSolution
		HideSolutionNode = FALSE
	EndGlobalSection
	GlobalSection(ExtensibilityGlobals) = postSolution
		SolutionGuid = {A2C32B49-E485-4743-B19C-DF0CF0349B96}
	EndGlobalSection
EndGlobal
